// !$*UTF8*$!
{
	archiveVersion = 1;
	classes = {
	};
	objectVersion = 50;
	objects = {

/* Begin PBXBuildFile section */
		BAAD19FE2271FF84007D0D51 /* ImageData.swift in Sources */ = {isa = PBXBuildFile; fileRef = BAAD19FD2271FF84007D0D51 /* ImageData.swift */; };
		BAD4EF7E227021B300A8B7FF /* AppDelegate.swift in Sources */ = {isa = PBXBuildFile; fileRef = BAD4EF7D227021B300A8B7FF /* AppDelegate.swift */; };
		BAD4EF85227021B600A8B7FF /* Assets.xcassets in Resources */ = {isa = PBXBuildFile; fileRef = BAD4EF84227021B600A8B7FF /* Assets.xcassets */; };
		BAD4EF88227021B600A8B7FF /* LaunchScreen.storyboard in Resources */ = {isa = PBXBuildFile; fileRef = BAD4EF86227021B600A8B7FF /* LaunchScreen.storyboard */; };
		BAD4EF90227021FF00A8B7FF /* CameraViewController.swift in Sources */ = {isa = PBXBuildFile; fileRef = BAD4EF8F227021FF00A8B7FF /* CameraViewController.swift */; };
		BAD4EF922270229100A8B7FF /* Main.storyboard in Resources */ = {isa = PBXBuildFile; fileRef = BAD4EF912270229100A8B7FF /* Main.storyboard */; };
		BAD4EF96227022BA00A8B7FF /* PreviewView.swift in Sources */ = {isa = PBXBuildFile; fileRef = BAD4EF93227022B900A8B7FF /* PreviewView.swift */; };
		BAD4EF97227022BA00A8B7FF /* ImageViewController.swift in Sources */ = {isa = PBXBuildFile; fileRef = BAD4EF94227022B900A8B7FF /* ImageViewController.swift */; };
/* End PBXBuildFile section */

/* Begin PBXFileReference section */
		BAAD19FD2271FF84007D0D51 /* ImageData.swift */ = {isa = PBXFileReference; lastKnownFileType = sourcecode.swift; path = ImageData.swift; sourceTree = "<group>"; };
		BAD4EF7A227021B300A8B7FF /* StyleTransferCamera.app */ = {isa = PBXFileReference; explicitFileType = wrapper.application; includeInIndex = 0; path = StyleTransferCamera.app; sourceTree = BUILT_PRODUCTS_DIR; };
		BAD4EF7D227021B300A8B7FF /* AppDelegate.swift */ = {isa = PBXFileReference; lastKnownFileType = sourcecode.swift; path = AppDelegate.swift; sourceTree = "<group>"; };
		BAD4EF84227021B600A8B7FF /* Assets.xcassets */ = {isa = PBXFileReference; lastKnownFileType = folder.assetcatalog; path = Assets.xcassets; sourceTree = "<group>"; };
		BAD4EF87227021B600A8B7FF /* Base */ = {isa = PBXFileReference; lastKnownFileType = file.storyboard; name = Base; path = Base.lproj/LaunchScreen.storyboard; sourceTree = "<group>"; };
		BAD4EF89227021B600A8B7FF /* Info.plist */ = {isa = PBXFileReference; lastKnownFileType = text.plist.xml; path = Info.plist; sourceTree = "<group>"; };
		BAD4EF8F227021FF00A8B7FF /* CameraViewController.swift */ = {isa = PBXFileReference; lastKnownFileType = sourcecode.swift; path = CameraViewController.swift; sourceTree = "<group>"; };
		BAD4EF912270229100A8B7FF /* Main.storyboard */ = {isa = PBXFileReference; fileEncoding = 4; lastKnownFileType = file.storyboard; path = Main.storyboard; sourceTree = "<group>"; };
		BAD4EF93227022B900A8B7FF /* PreviewView.swift */ = {isa = PBXFileReference; fileEncoding = 4; lastKnownFileType = sourcecode.swift; path = PreviewView.swift; sourceTree = "<group>"; };
		BAD4EF94227022B900A8B7FF /* ImageViewController.swift */ = {isa = PBXFileReference; fileEncoding = 4; lastKnownFileType = sourcecode.swift; path = ImageViewController.swift; sourceTree = "<group>"; };
/* End PBXFileReference section */

/* Begin PBXFrameworksBuildPhase section */
		BAD4EF77227021B300A8B7FF /* Frameworks */ = {
			isa = PBXFrameworksBuildPhase;
			buildActionMask = 2147483647;
			files = (
			);
			runOnlyForDeploymentPostprocessing = 0;
		};
/* End PBXFrameworksBuildPhase section */

/* Begin PBXGroup section */
		BAD4EF71227021B300A8B7FF = {
			isa = PBXGroup;
			children = (
				BAD4EF7C227021B300A8B7FF /* StyleTransferCamera */,
				BAD4EF7B227021B300A8B7FF /* Products */,
			);
			sourceTree = "<group>";
		};
		BAD4EF7B227021B300A8B7FF /* Products */ = {
			isa = PBXGroup;
			children = (
				BAD4EF7A227021B300A8B7FF /* StyleTransferCamera.app */,
			);
			name = Products;
			sourceTree = "<group>";
		};
		BAD4EF7C227021B300A8B7FF /* StyleTransferCamera */ = {
			isa = PBXGroup;
			children = (
				BAD4EF7D227021B300A8B7FF /* AppDelegate.swift */,
				BAD4EF94227022B900A8B7FF /* ImageViewController.swift */,
				BAD4EF93227022B900A8B7FF /* PreviewView.swift */,
				BAD4EF912270229100A8B7FF /* Main.storyboard */,
				BAD4EF84227021B600A8B7FF /* Assets.xcassets */,
				BAD4EF86227021B600A8B7FF /* LaunchScreen.storyboard */,
				BAD4EF89227021B600A8B7FF /* Info.plist */,
				BAD4EF8F227021FF00A8B7FF /* CameraViewController.swift */,
				BAAD19FD2271FF84007D0D51 /* ImageData.swift */,
			);
			path = StyleTransferCamera;
			sourceTree = "<group>";
		};
/* End PBXGroup section */

/* Begin PBXNativeTarget section */
		BAD4EF79227021B300A8B7FF /* StyleTransferCamera */ = {
			isa = PBXNativeTarget;
			buildConfigurationList = BAD4EF8C227021B600A8B7FF /* Build configuration list for PBXNativeTarget "StyleTransferCamera" */;
			buildPhases = (
				BAD4EF76227021B300A8B7FF /* Sources */,
				BAD4EF77227021B300A8B7FF /* Frameworks */,
				BAD4EF78227021B300A8B7FF /* Resources */,
			);
			buildRules = (
			);
			dependencies = (
			);
			name = StyleTransferCamera;
			productName = StyleTransferCamera;
			productReference = BAD4EF7A227021B300A8B7FF /* StyleTransferCamera.app */;
			productType = "com.apple.product-type.application";
		};
/* End PBXNativeTarget section */

/* Begin PBXProject section */
		BAD4EF72227021B300A8B7FF /* Project object */ = {
			isa = PBXProject;
			attributes = {
				LastSwiftUpdateCheck = 1020;
				LastUpgradeCheck = 1020;
				ORGANIZATIONNAME = None;
				TargetAttributes = {
					BAD4EF79227021B300A8B7FF = {
						CreatedOnToolsVersion = 10.2.1;
					};
				};
			};
			buildConfigurationList = BAD4EF75227021B300A8B7FF /* Build configuration list for PBXProject "StyleTransferCamera" */;
			compatibilityVersion = "Xcode 9.3";
			developmentRegion = en;
			hasScannedForEncodings = 0;
			knownRegions = (
				en,
				Base,
			);
			mainGroup = BAD4EF71227021B300A8B7FF;
			productRefGroup = BAD4EF7B227021B300A8B7FF /* Products */;
			projectDirPath = "";
			projectRoot = "";
			targets = (
				BAD4EF79227021B300A8B7FF /* StyleTransferCamera */,
			);
		};
/* End PBXProject section */

/* Begin PBXResourcesBuildPhase section */
		BAD4EF78227021B300A8B7FF /* Resources */ = {
			isa = PBXResourcesBuildPhase;
			buildActionMask = 2147483647;
			files = (
				BAD4EF922270229100A8B7FF /* Main.storyboard in Resources */,
				BAD4EF88227021B600A8B7FF /* LaunchScreen.storyboard in Resources */,
				BAD4EF85227021B600A8B7FF /* Assets.xcassets in Resources */,
			);
			runOnlyForDeploymentPostprocessing = 0;
		};
/* End PBXResourcesBuildPhase section */

/* Begin PBXSourcesBuildPhase section */
		BAD4EF76227021B300A8B7FF /* Sources */ = {
			isa = PBXSourcesBuildPhase;
			buildActionMask = 2147483647;
			files = (
				BAD4EF7E227021B300A8B7FF /* AppDelegate.swift in Sources */,
				BAD4EF90227021FF00A8B7FF /* CameraViewController.swift in Sources */,
				BAD4EF97227022BA00A8B7FF /* ImageViewController.swift in Sources */,
				BAD4EF96227022BA00A8B7FF /* PreviewView.swift in Sources */,
				BAAD19FE2271FF84007D0D51 /* ImageData.swift in Sources */,
			);
			runOnlyForDeploymentPostprocessing = 0;
		};
/* End PBXSourcesBuildPhase section */

/* Begin PBXVariantGroup section */
		BAD4EF86227021B600A8B7FF /* LaunchScreen.storyboard */ = {
			isa = PBXVariantGroup;
			children = (
				BAD4EF87227021B600A8B7FF /* Base */,
			);
			name = LaunchScreen.storyboard;
			sourceTree = "<group>";
		};
/* End PBXVariantGroup section */

/* Begin XCBuildConfiguration section */
		BAD4EF8A227021B600A8B7FF /* Debug */ = {
			isa = XCBuildConfiguration;
			buildSettings = {
				ALWAYS_SEARCH_USER_PATHS = NO;
				CLANG_ANALYZER_NONNULL = YES;
				CLANG_ANALYZER_NUMBER_OBJECT_CONVERSION = YES_AGGRESSIVE;
				CLANG_CXX_LANGUAGE_STANDARD = "gnu++14";
				CLANG_CXX_LIBRARY = "libc++";
				CLANG_ENABLE_MODULES = YES;
				CLANG_ENABLE_OBJC_ARC = YES;
				CLANG_ENABLE_OBJC_WEAK = YES;
				CLANG_WARN_BLOCK_CAPTURE_AUTORELEASING = YES;
				CLANG_WARN_BOOL_CONVERSION = YES;
				CLANG_WARN_COMMA = YES;
				CLANG_WARN_CONSTANT_CONVERSION = YES;
				CLANG_WARN_DEPRECATED_OBJC_IMPLEMENTATIONS = YES;
				CLANG_WARN_DIRECT_OBJC_ISA_USAGE = YES_ERROR;
				CLANG_WARN_DOCUMENTATION_COMMENTS = YES;
				CLANG_WARN_EMPTY_BODY = YES;
				CLANG_WARN_ENUM_CONVERSION = YES;
				CLANG_WARN_INFINITE_RECURSION = YES;
				CLANG_WARN_INT_CONVERSION = YES;
				CLANG_WARN_NON_LITERAL_NULL_CONVERSION = YES;
				CLANG_WARN_OBJC_IMPLICIT_RETAIN_SELF = YES;
				CLANG_WARN_OBJC_LITERAL_CONVERSION = YES;
				CLANG_WARN_OBJC_ROOT_CLASS = YES_ERROR;
				CLANG_WARN_RANGE_LOOP_ANALYSIS = YES;
				CLANG_WARN_STRICT_PROTOTYPES = YES;
				CLANG_WARN_SUSPICIOUS_MOVE = YES;
				CLANG_WARN_UNGUARDED_AVAILABILITY = YES_AGGRESSIVE;
				CLANG_WARN_UNREACHABLE_CODE = YES;
				CLANG_WARN__DUPLICATE_METHOD_MATCH = YES;
				CODE_SIGN_IDENTITY = "iPhone Developer";
				COPY_PHASE_STRIP = NO;
				DEBUG_INFORMATION_FORMAT = dwarf;
				ENABLE_STRICT_OBJC_MSGSEND = YES;
				ENABLE_TESTABILITY = YES;
				GCC_C_LANGUAGE_STANDARD = gnu11;
				GCC_DYNAMIC_NO_PIC = NO;
				GCC_NO_COMMON_BLOCKS = YES;
				GCC_OPTIMIZATION_LEVEL = 0;
				GCC_PREPROCESSOR_DEFINITIONS = (
					"DEBUG=1",
					"$(inherited)",
				);
				GCC_WARN_64_TO_32_BIT_CONVERSION = YES;
				GCC_WARN_ABOUT_RETURN_TYPE = YES_ERROR;
				GCC_WARN_UNDECLARED_SELECTOR = YES;
				GCC_WARN_UNINITIALIZED_AUTOS = YES_AGGRESSIVE;
				GCC_WARN_UNUSED_FUNCTION = YES;
				GCC_WARN_UNUSED_VARIABLE = YES;
				IPHONEOS_DEPLOYMENT_TARGET = 12.2;
				MTL_ENABLE_DEBUG_INFO = INCLUDE_SOURCE;
				MTL_FAST_MATH = YES;
				ONLY_ACTIVE_ARCH = YES;
				SDKROOT = iphoneos;
				SWIFT_ACTIVE_COMPILATION_CONDITIONS = DEBUG;
				SWIFT_OPTIMIZATION_LEVEL = "-Onone";
			};
			name = Debug;
		};
		BAD4EF8B227021B600A8B7FF /* Release */ = {
			isa = XCBuildConfiguration;
			buildSettings = {
				ALWAYS_SEARCH_USER_PATHS = NO;
				CLANG_ANALYZER_NONNULL = YES;
				CLANG_ANALYZER_NUMBER_OBJECT_CONVERSION = YES_AGGRESSIVE;
				CLANG_CXX_LANGUAGE_STANDARD = "gnu++14";
				CLANG_CXX_LIBRARY = "libc++";
				CLANG_ENABLE_MODULES = YES;
				CLANG_ENABLE_OBJC_ARC = YES;
				CLANG_ENABLE_OBJC_WEAK = YES;
				CLANG_WARN_BLOCK_CAPTURE_AUTORELEASING = YES;
				CLANG_WARN_BOOL_CONVERSION = YES;
				CLANG_WARN_COMMA = YES;
				CLANG_WARN_CONSTANT_CONVERSION = YES;
				CLANG_WARN_DEPRECATED_OBJC_IMPLEMENTATIONS = YES;
				CLANG_WARN_DIRECT_OBJC_ISA_USAGE = YES_ERROR;
				CLANG_WARN_DOCUMENTATION_COMMENTS = YES;
				CLANG_WARN_EMPTY_BODY = YES;
				CLANG_WARN_ENUM_CONVERSION = YES;
				CLANG_WARN_INFINITE_RECURSION = YES;
				CLANG_WARN_INT_CONVERSION = YES;
				CLANG_WARN_NON_LITERAL_NULL_CONVERSION = YES;
				CLANG_WARN_OBJC_IMPLICIT_RETAIN_SELF = YES;
				CLANG_WARN_OBJC_LITERAL_CONVERSION = YES;
				CLANG_WARN_OBJC_ROOT_CLASS = YES_ERROR;
				CLANG_WARN_RANGE_LOOP_ANALYSIS = YES;
				CLANG_WARN_STRICT_PROTOTYPES = YES;
				CLANG_WARN_SUSPICIOUS_MOVE = YES;
				CLANG_WARN_UNGUARDED_AVAILABILITY = YES_AGGRESSIVE;
				CLANG_WARN_UNREACHABLE_CODE = YES;
				CLANG_WARN__DUPLICATE_METHOD_MATCH = YES;
				CODE_SIGN_IDENTITY = "iPhone Developer";
				COPY_PHASE_STRIP = NO;
				DEBUG_INFORMATION_FORMAT = "dwarf-with-dsym";
				ENABLE_NS_ASSERTIONS = NO;
				ENABLE_STRICT_OBJC_MSGSEND = YES;
				GCC_C_LANGUAGE_STANDARD = gnu11;
				GCC_NO_COMMON_BLOCKS = YES;
				GCC_WARN_64_TO_32_BIT_CONVERSION = YES;
				GCC_WARN_ABOUT_RETURN_TYPE = YES_ERROR;
				GCC_WARN_UNDECLARED_SELECTOR = YES;
				GCC_WARN_UNINITIALIZED_AUTOS = YES_AGGRESSIVE;
				GCC_WARN_UNUSED_FUNCTION = YES;
				GCC_WARN_UNUSED_VARIABLE = YES;
				IPHONEOS_DEPLOYMENT_TARGET = 12.2;
				MTL_ENABLE_DEBUG_INFO = NO;
				MTL_FAST_MATH = YES;
				SDKROOT = iphoneos;
				SWIFT_COMPILATION_MODE = wholemodule;
				SWIFT_OPTIMIZATION_LEVEL = "-O";
				VALIDATE_PRODUCT = YES;
			};
			name = Release;
		};
		BAD4EF8D227021B600A8B7FF /* Debug */ = {
			isa = XCBuildConfiguration;
			buildSettings = {
				ASSETCATALOG_COMPILER_APPICON_NAME = AppIcon;
				CODE_SIGN_STYLE = Automatic;
				DEVELOPMENT_TEAM = BNW4VJA42Z;
				INFOPLIST_FILE = StyleTransferCamera/Info.plist;
				LD_RUNPATH_SEARCH_PATHS = (
					"$(inherited)",
					"@executable_path/Frameworks",
				);
				PRODUCT_BUNDLE_IDENTIFIER = com.bornapp.StyleTransferCamera;
				PRODUCT_NAME = "$(TARGET_NAME)";
				SWIFT_VERSION = 5.0;
				TARGETED_DEVICE_FAMILY = "1,2";
			};
			name = Debug;
		};
		BAD4EF8E227021B600A8B7FF /* Release */ = {
			isa = XCBuildConfiguration;
			buildSettings = {
				ASSETCATALOG_COMPILER_APPICON_NAME = AppIcon;
				CODE_SIGN_STYLE = Automatic;
				DEVELOPMENT_TEAM = BNW4VJA42Z;
				INFOPLIST_FILE = StyleTransferCamera/Info.plist;
				LD_RUNPATH_SEARCH_PATHS = (
					"$(inherited)",
					"@executable_path/Frameworks",
				);
				PRODUCT_BUNDLE_IDENTIFIER = com.bornapp.StyleTransferCamera;
				PRODUCT_NAME = "$(TARGET_NAME)";
				SWIFT_VERSION = 5.0;
				TARGETED_DEVICE_FAMILY = "1,2";
			};
			name = Release;
		};
/* End XCBuildConfiguration section */

/* Begin XCConfigurationList section */
		BAD4EF75227021B300A8B7FF /* Build configuration list for PBXProject "StyleTransferCamera" */ = {
			isa = XCConfigurationList;
			buildConfigurations = (
				BAD4EF8A227021B600A8B7FF /* Debug */,
				BAD4EF8B227021B600A8B7FF /* Release */,
			);
			defaultConfigurationIsVisible = 0;
			defaultConfigurationName = Release;
		};
		BAD4EF8C227021B600A8B7FF /* Build configuration list for PBXNativeTarget "StyleTransferCamera" */ = {
			isa = XCConfigurationList;
			buildConfigurations = (
				BAD4EF8D227021B600A8B7FF /* Debug */,
				BAD4EF8E227021B600A8B7FF /* Release */,
			);
			defaultConfigurationIsVisible = 0;
			defaultConfigurationName = Release;
		};
/* End XCConfigurationList section */
	};
	rootObject = BAD4EF72227021B300A8B7FF /* Project object */;
}
